
Microsoft Visual Studio Solution File, Format Version 12.00
# Visual Studio 2013
VisualStudioVersion = 12.0.21005.1
MinimumVisualStudioVersion = 10.0.40219.1
Project("{FAE04EC0-301F-11D3-BF4B-00C04F79EFBC}") = "QuanLyBanHang", "QuanLyBanHang\QuanLyBanHang.csproj", "{189DB7B2-A74B-42BB-B999-D79F0B0ACFEE}"
EndProject
Project("{FAE04EC0-301F-11D3-BF4B-00C04F79EFBC}") = "Object", "Object\Object.csproj", "{2485D59B-ABB1-4C90-93E5-4B435C390D87}"
EndProject
Project("{FAE04EC0-301F-11D3-BF4B-00C04F79EFBC}") = "Bussiness_Logic_Layer", "Bussiness_Logic_Layer\Bussiness_Logic_Layer.csproj", "{8DCA1614-6EA4-429E-91B1-D906A36CFCB1}"
EndProject
Project("{FAE04EC0-301F-11D3-BF4B-00C04F79EFBC}") = "Data_Acccess_Layer", "Data_Acccess_Layer\Data_Acccess_Layer.csproj", "{2D420F13-F3E7-4DAD-8EA3-5F6DEE3EEFD0}"
EndProject
Global
	GlobalSection(SolutionConfigurationPlatforms) = preSolution
		CD_ROM|Any CPU = CD_ROM|Any CPU
		Debug|Any CPU = Debug|Any CPU
		DVD-5|Any CPU = DVD-5|Any CPU
		Release|Any CPU = Release|Any CPU
		SingleImage|Any CPU = SingleImage|Any CPU
	EndGlobalSection
	GlobalSection(ProjectConfigurationPlatforms) = postSolution
		{189DB7B2-A74B-42BB-B999-D79F0B0ACFEE}.CD_ROM|Any CPU.ActiveCfg = Release|Any CPU
		{189DB7B2-A74B-42BB-B999-D79F0B0ACFEE}.CD_ROM|Any CPU.Build.0 = Release|Any CPU
		{189DB7B2-A74B-42BB-B999-D79F0B0ACFEE}.Debug|Any CPU.ActiveCfg = Debug|Any CPU
		{189DB7B2-A74B-42BB-B999-D79F0B0ACFEE}.Debug|Any CPU.Build.0 = Debug|Any CPU
		{189DB7B2-A74B-42BB-B999-D79F0B0ACFEE}.DVD-5|Any CPU.ActiveCfg = Debug|Any CPU
		{189DB7B2-A74B-42BB-B999-D79F0B0ACFEE}.DVD-5|Any CPU.Build.0 = Debug|Any CPU
		{189DB7B2-A74B-42BB-B999-D79F0B0ACFEE}.Release|Any CPU.ActiveCfg = Release|Any CPU
		{189DB7B2-A74B-42BB-B999-D79F0B0ACFEE}.Release|Any CPU.Build.0 = Release|Any CPU
		{189DB7B2-A74B-42BB-B999-D79F0B0ACFEE}.SingleImage|Any CPU.ActiveCfg = Release|Any CPU
		{189DB7B2-A74B-42BB-B999-D79F0B0ACFEE}.SingleImage|Any CPU.Build.0 = Release|Any CPU
		{2485D59B-ABB1-4C90-93E5-4B435C390D87}.CD_ROM|Any CPU.ActiveCfg = Release|Any CPU
		{2485D59B-ABB1-4C90-93E5-4B435C390D87}.CD_ROM|Any CPU.Build.0 = Release|Any CPU
		{2485D59B-ABB1-4C90-93E5-4B435C390D87}.Debug|Any CPU.ActiveCfg = Debug|Any CPU
		{2485D59B-ABB1-4C90-93E5-4B435C390D87}.Debug|Any CPU.Build.0 = Debug|Any CPU
		{2485D59B-ABB1-4C90-93E5-4B435C390D87}.DVD-5|Any CPU.ActiveCfg = Debug|Any CPU
		{2485D59B-ABB1-4C90-93E5-4B435C390D87}.DVD-5|Any CPU.Build.0 = Debug|Any CPU
		{2485D59B-ABB1-4C90-93E5-4B435C390D87}.Release|Any CPU.ActiveCfg = Release|Any CPU
		{2485D59B-ABB1-4C90-93E5-4B435C390D87}.Release|Any CPU.Build.0 = Release|Any CPU
		{2485D59B-ABB1-4C90-93E5-4B435C390D87}.SingleImage|Any CPU.ActiveCfg = Release|Any CPU
		{2485D59B-ABB1-4C90-93E5-4B435C390D87}.SingleImage|Any CPU.Build.0 = Release|Any CPU
		{8DCA1614-6EA4-429E-91B1-D906A36CFCB1}.CD_ROM|Any CPU.ActiveCfg = Release|Any CPU
		{8DCA1614-6EA4-429E-91B1-D906A36CFCB1}.CD_ROM|Any CPU.Build.0 = Release|Any CPU
		{8DCA1614-6EA4-429E-91B1-D906A36CFCB1}.Debug|Any CPU.ActiveCfg = Debug|Any CPU
		{8DCA1614-6EA4-429E-91B1-D906A36CFCB1}.Debug|Any CPU.Build.0 = Debug|Any CPU
		{8DCA1614-6EA4-429E-91B1-D906A36CFCB1}.DVD-5|Any CPU.ActiveCfg = Debug|Any CPU
		{8DCA1614-6EA4-429E-91B1-D906A36CFCB1}.DVD-5|Any CPU.Build.0 = Debug|Any CPU
		{8DCA1614-6EA4-429E-91B1-D906A36CFCB1}.Release|Any CPU.ActiveCfg = Release|Any CPU
		{8DCA1614-6EA4-429E-91B1-D906A36CFCB1}.Release|Any CPU.Build.0 = Release|Any CPU
		{8DCA1614-6EA4-429E-91B1-D906A36CFCB1}.SingleImage|Any CPU.ActiveCfg = Release|Any CPU
		{8DCA1614-6EA4-429E-91B1-D906A36CFCB1}.SingleImage|Any CPU.Build.0 = Release|Any CPU
		{2D420F13-F3E7-4DAD-8EA3-5F6DEE3EEFD0}.CD_ROM|Any CPU.ActiveCfg = Release|Any CPU
		{2D420F13-F3E7-4DAD-8EA3-5F6DEE3EEFD0}.CD_ROM|Any CPU.Build.0 = Release|Any CPU
		{2D420F13-F3E7-4DAD-8EA3-5F6DEE3EEFD0}.Debug|Any CPU.ActiveCfg = Debug|Any CPU
		{2D420F13-F3E7-4DAD-8EA3-5F6DEE3EEFD0}.Debug|Any CPU.Build.0 = Debug|Any CPU
		{2D420F13-F3E7-4DAD-8EA3-5F6DEE3EEFD0}.DVD-5|Any CPU.ActiveCfg = Debug|Any CPU
		{2D420F13-F3E7-4DAD-8EA3-5F6DEE3EEFD0}.DVD-5|Any CPU.Build.0 = Debug|Any CPU
		{2D420F13-F3E7-4DAD-8EA3-5F6DEE3EEFD0}.Release|Any CPU.ActiveCfg = Release|Any CPU
		{2D420F13-F3E7-4DAD-8EA3-5F6DEE3EEFD0}.Release|Any CPU.Build.0 = Release|Any CPU
		{2D420F13-F3E7-4DAD-8EA3-5F6DEE3EEFD0}.SingleImage|Any CPU.ActiveCfg = Release|Any CPU
		{2D420F13-F3E7-4DAD-8EA3-5F6DEE3EEFD0}.SingleImage|Any CPU.Build.0 = Release|Any CPU
	EndGlobalSection
	GlobalSection(SolutionProperties) = preSolution
		HideSolutionNode = FALSE
	EndGlobalSection
EndGlobal
